
Microsoft Visual Studio Solution File, Format Version 12.00
# Visual Studio Version 16
VisualStudioVersion = 16.0.29418.71
MinimumVisualStudioVersion = 10.0.40219.1
Project("{2150E333-8FDC-42A3-9474-1A3956D46DE8}") = "Solution Items", "Solution Items", "{E5FCB1F1-970F-4992-B699-6AB65FEC8E64}"
EndProject
Project("{2150E333-8FDC-42A3-9474-1A3956D46DE8}") = "src", "src", "{7AB0BB16-F399-434F-91D9-0FB322A7011E}"
EndProject
Project("{2150E333-8FDC-42A3-9474-1A3956D46DE8}") = "test", "test", "{03138E04-8ADD-4286-8C77-ED941462EDA2}"
EndProject
Project("{2150E333-8FDC-42A3-9474-1A3956D46DE8}") = "ClientApps", "ClientApps", "{47187AEF-E3D7-45C0-9D35-5C031CCB0AA1}"
EndProject
Project("{2150E333-8FDC-42A3-9474-1A3956D46DE8}") = "Services", "Services", "{2F9C9487-49F0-4307-9CEE-2DC973B931E5}"
EndProject
Project("{2150E333-8FDC-42A3-9474-1A3956D46DE8}") = "Book.shop", "Book.shop", "{9C9C6DE5-CAFF-4E76-956D-AD8435EB67FB}"
EndProject
Project("{9A19103F-16F7-4668-BE54-9A1E7A4F7556}") = "BookShop.API", "BookShop.API\BookShop.API.csproj", "{F5B4B05A-C13F-4DB0-A1EA-73027D68AB2A}"
EndProject
Project("{E53339B2-1760-4266-BCC7-CA923CBCF16C}") = "docker-compose", "docker-compose.dcproj", "{0B870645-E1F6-45A1-AD16-61DDFA5AE3EA}"
EndProject
Project("{9A19103F-16F7-4668-BE54-9A1E7A4F7556}") = "BookShop.Domain", "BookShop.Domain\BookShop.Domain.csproj", "{C092600C-8F10-4A98-8BB4-A57D873E01A4}"
EndProject
Project("{9A19103F-16F7-4668-BE54-9A1E7A4F7556}") = "BookShop.Infrastructure", "BookShop.Infrastructure\BookShop.Infrastructure.csproj", "{D78D8247-34CB-484B-A2D0-1A6F54E0E81C}"
EndProject
Project("{9A19103F-16F7-4668-BE54-9A1E7A4F7556}") = "BookShop.Common", "BookShop.Common\BookShop.Common.csproj", "{73F75EB1-F1B0-4CD2-8486-C1CBDEE90850}"
EndProject
Project("{FAE04EC0-301F-11D3-BF4B-00C04F79EFBC}") = "BookShop.Test", "..\BookShop.Test\BookShop.Test.csproj", "{0788FFC7-138E-487D-B441-7C9424D6834C}"
EndProject
Global
	GlobalSection(SolutionConfigurationPlatforms) = preSolution
		Debug|Any CPU = Debug|Any CPU
		Release|Any CPU = Release|Any CPU
	EndGlobalSection
	GlobalSection(ProjectConfigurationPlatforms) = postSolution
		{F5B4B05A-C13F-4DB0-A1EA-73027D68AB2A}.Debug|Any CPU.ActiveCfg = Debug|Any CPU
		{F5B4B05A-C13F-4DB0-A1EA-73027D68AB2A}.Debug|Any CPU.Build.0 = Debug|Any CPU
		{F5B4B05A-C13F-4DB0-A1EA-73027D68AB2A}.Release|Any CPU.ActiveCfg = Release|Any CPU
		{F5B4B05A-C13F-4DB0-A1EA-73027D68AB2A}.Release|Any CPU.Build.0 = Release|Any CPU
		{0B870645-E1F6-45A1-AD16-61DDFA5AE3EA}.Debug|Any CPU.ActiveCfg = Debug|Any CPU
		{0B870645-E1F6-45A1-AD16-61DDFA5AE3EA}.Debug|Any CPU.Build.0 = Debug|Any CPU
		{0B870645-E1F6-45A1-AD16-61DDFA5AE3EA}.Release|Any CPU.ActiveCfg = Release|Any CPU
		{0B870645-E1F6-45A1-AD16-61DDFA5AE3EA}.Release|Any CPU.Build.0 = Release|Any CPU
		{C092600C-8F10-4A98-8BB4-A57D873E01A4}.Debug|Any CPU.ActiveCfg = Debug|Any CPU
		{C092600C-8F10-4A98-8BB4-A57D873E01A4}.Debug|Any CPU.Build.0 = Debug|Any CPU
		{C092600C-8F10-4A98-8BB4-A57D873E01A4}.Release|Any CPU.ActiveCfg = Release|Any CPU
		{C092600C-8F10-4A98-8BB4-A57D873E01A4}.Release|Any CPU.Build.0 = Release|Any CPU
		{D78D8247-34CB-484B-A2D0-1A6F54E0E81C}.Debug|Any CPU.ActiveCfg = Debug|Any CPU
		{D78D8247-34CB-484B-A2D0-1A6F54E0E81C}.Debug|Any CPU.Build.0 = Debug|Any CPU
		{D78D8247-34CB-484B-A2D0-1A6F54E0E81C}.Release|Any CPU.ActiveCfg = Release|Any CPU
		{D78D8247-34CB-484B-A2D0-1A6F54E0E81C}.Release|Any CPU.Build.0 = Release|Any CPU
		{73F75EB1-F1B0-4CD2-8486-C1CBDEE90850}.Debug|Any CPU.ActiveCfg = Debug|Any CPU
		{73F75EB1-F1B0-4CD2-8486-C1CBDEE90850}.Debug|Any CPU.Build.0 = Debug|Any CPU
		{73F75EB1-F1B0-4CD2-8486-C1CBDEE90850}.Release|Any CPU.ActiveCfg = Release|Any CPU
		{73F75EB1-F1B0-4CD2-8486-C1CBDEE90850}.Release|Any CPU.Build.0 = Release|Any CPU
		{0788FFC7-138E-487D-B441-7C9424D6834C}.Debug|Any CPU.ActiveCfg = Debug|Any CPU
		{0788FFC7-138E-487D-B441-7C9424D6834C}.Debug|Any CPU.Build.0 = Debug|Any CPU
		{0788FFC7-138E-487D-B441-7C9424D6834C}.Release|Any CPU.ActiveCfg = Release|Any CPU
		{0788FFC7-138E-487D-B441-7C9424D6834C}.Release|Any CPU.Build.0 = Release|Any CPU
	EndGlobalSection
	GlobalSection(SolutionProperties) = preSolution
		HideSolutionNode = FALSE
	EndGlobalSection
	GlobalSection(NestedProjects) = preSolution
		{47187AEF-E3D7-45C0-9D35-5C031CCB0AA1} = {7AB0BB16-F399-434F-91D9-0FB322A7011E}
		{2F9C9487-49F0-4307-9CEE-2DC973B931E5} = {7AB0BB16-F399-434F-91D9-0FB322A7011E}
		{9C9C6DE5-CAFF-4E76-956D-AD8435EB67FB} = {2F9C9487-49F0-4307-9CEE-2DC973B931E5}
		{F5B4B05A-C13F-4DB0-A1EA-73027D68AB2A} = {9C9C6DE5-CAFF-4E76-956D-AD8435EB67FB}
		{C092600C-8F10-4A98-8BB4-A57D873E01A4} = {9C9C6DE5-CAFF-4E76-956D-AD8435EB67FB}
		{D78D8247-34CB-484B-A2D0-1A6F54E0E81C} = {9C9C6DE5-CAFF-4E76-956D-AD8435EB67FB}
		{73F75EB1-F1B0-4CD2-8486-C1CBDEE90850} = {9C9C6DE5-CAFF-4E76-956D-AD8435EB67FB}
		{0788FFC7-138E-487D-B441-7C9424D6834C} = {03138E04-8ADD-4286-8C77-ED941462EDA2}
	EndGlobalSection
	GlobalSection(ExtensibilityGlobals) = postSolution
		SolutionGuid = {1C84CF73-3EA0-45F2-8FE7-C3CF9F094935}
	EndGlobalSection
EndGlobal
